
Microsoft Visual Studio Solution File, Format Version 12.00
# Visual Studio Version 17
VisualStudioVersion = 17.14.36705.20
MinimumVisualStudioVersion = 10.0.40219.1
Project("{8BC9CEB8-8B4A-11D0-8D11-00A0C91BC942}") = "UniversePro", "UniversePro\UniversePro.vcxproj", "{1FE0A9AB-CE78-4109-94FC-25806D373846}"
EndProject
Project("{8BC9CEB8-8B4A-11D0-8D11-00A0C91BC942}") = "Cosmos", "CosmosPro\CosmosPro.vcxproj", "{7B3BE494-B1AE-4341-9D85-2B2399AB3103}"
EndProject
Project("{8BC9CEB8-8B4A-11D0-8D11-00A0C91BC942}") = "MFCAppProxy", "MFCAppProxyEx\MFCAppProxyEx.vcxproj", "{EA18B233-5282-4B56-9ECB-6623E93A786C}"
EndProject
Project("{8BC9CEB8-8B4A-11D0-8D11-00A0C91BC942}") = "WebRTHelper", "WinAppProxy\WinAppProxy.vcxproj", "{D7FE69B5-6430-4EB2-9034-5880CF60214C}"
EndProject
Project("{FAE04EC0-301F-11D3-BF4B-00C04F79EFBC}") = "Loader", "Loader\Loader.csproj", "{011E9CC0-239A-4EC0-BB56-6EAC757704DF}"
EndProject
Global
	GlobalSection(SolutionConfigurationPlatforms) = preSolution
		Debug|Any CPU = Debug|Any CPU
		Debug|x64 = Debug|x64
		Debug|x86 = Debug|x86
		Release|Any CPU = Release|Any CPU
		Release|x64 = Release|x64
		Release|x86 = Release|x86
	EndGlobalSection
	GlobalSection(ProjectConfigurationPlatforms) = postSolution
		{1FE0A9AB-CE78-4109-94FC-25806D373846}.Debug|Any CPU.ActiveCfg = Debug|x64
		{1FE0A9AB-CE78-4109-94FC-25806D373846}.Debug|Any CPU.Build.0 = Debug|x64
		{1FE0A9AB-CE78-4109-94FC-25806D373846}.Debug|x64.ActiveCfg = Debug|x64
		{1FE0A9AB-CE78-4109-94FC-25806D373846}.Debug|x64.Build.0 = Debug|x64
		{1FE0A9AB-CE78-4109-94FC-25806D373846}.Debug|x86.ActiveCfg = Debug|Win32
		{1FE0A9AB-CE78-4109-94FC-25806D373846}.Debug|x86.Build.0 = Debug|Win32
		{1FE0A9AB-CE78-4109-94FC-25806D373846}.Release|Any CPU.ActiveCfg = Release|x64
		{1FE0A9AB-CE78-4109-94FC-25806D373846}.Release|Any CPU.Build.0 = Release|x64
		{1FE0A9AB-CE78-4109-94FC-25806D373846}.Release|x64.ActiveCfg = Release|x64
		{1FE0A9AB-CE78-4109-94FC-25806D373846}.Release|x64.Build.0 = Release|x64
		{1FE0A9AB-CE78-4109-94FC-25806D373846}.Release|x86.ActiveCfg = Release|Win32
		{1FE0A9AB-CE78-4109-94FC-25806D373846}.Release|x86.Build.0 = Release|Win32
		{7B3BE494-B1AE-4341-9D85-2B2399AB3103}.Debug|Any CPU.ActiveCfg = Debug|x64
		{7B3BE494-B1AE-4341-9D85-2B2399AB3103}.Debug|Any CPU.Build.0 = Debug|x64
		{7B3BE494-B1AE-4341-9D85-2B2399AB3103}.Debug|x64.ActiveCfg = Debug|x64
		{7B3BE494-B1AE-4341-9D85-2B2399AB3103}.Debug|x64.Build.0 = Debug|x64
		{7B3BE494-B1AE-4341-9D85-2B2399AB3103}.Debug|x86.ActiveCfg = Debug|Win32
		{7B3BE494-B1AE-4341-9D85-2B2399AB3103}.Debug|x86.Build.0 = Debug|Win32
		{7B3BE494-B1AE-4341-9D85-2B2399AB3103}.Release|Any CPU.ActiveCfg = Release|x64
		{7B3BE494-B1AE-4341-9D85-2B2399AB3103}.Release|Any CPU.Build.0 = Release|x64
		{7B3BE494-B1AE-4341-9D85-2B2399AB3103}.Release|x64.ActiveCfg = Release|x64
		{7B3BE494-B1AE-4341-9D85-2B2399AB3103}.Release|x64.Build.0 = Release|x64
		{7B3BE494-B1AE-4341-9D85-2B2399AB3103}.Release|x86.ActiveCfg = Release|Win32
		{7B3BE494-B1AE-4341-9D85-2B2399AB3103}.Release|x86.Build.0 = Release|Win32
		{EA18B233-5282-4B56-9ECB-6623E93A786C}.Debug|Any CPU.ActiveCfg = Debug|x64
		{EA18B233-5282-4B56-9ECB-6623E93A786C}.Debug|Any CPU.Build.0 = Debug|x64
		{EA18B233-5282-4B56-9ECB-6623E93A786C}.Debug|x64.ActiveCfg = Debug|x64
		{EA18B233-5282-4B56-9ECB-6623E93A786C}.Debug|x64.Build.0 = Debug|x64
		{EA18B233-5282-4B56-9ECB-6623E93A786C}.Debug|x86.ActiveCfg = Debug|Win32
		{EA18B233-5282-4B56-9ECB-6623E93A786C}.Debug|x86.Build.0 = Debug|Win32
		{EA18B233-5282-4B56-9ECB-6623E93A786C}.Release|Any CPU.ActiveCfg = Release|x64
		{EA18B233-5282-4B56-9ECB-6623E93A786C}.Release|Any CPU.Build.0 = Release|x64
		{EA18B233-5282-4B56-9ECB-6623E93A786C}.Release|x64.ActiveCfg = Release|x64
		{EA18B233-5282-4B56-9ECB-6623E93A786C}.Release|x64.Build.0 = Release|x64
		{EA18B233-5282-4B56-9ECB-6623E93A786C}.Release|x86.ActiveCfg = Release|Win32
		{EA18B233-5282-4B56-9ECB-6623E93A786C}.Release|x86.Build.0 = Release|Win32
		{D7FE69B5-6430-4EB2-9034-5880CF60214C}.Debug|Any CPU.ActiveCfg = Debug|x64
		{D7FE69B5-6430-4EB2-9034-5880CF60214C}.Debug|Any CPU.Build.0 = Debug|x64
		{D7FE69B5-6430-4EB2-9034-5880CF60214C}.Debug|x64.ActiveCfg = Debug|x64
		{D7FE69B5-6430-4EB2-9034-5880CF60214C}.Debug|x64.Build.0 = Debug|x64
		{D7FE69B5-6430-4EB2-9034-5880CF60214C}.Debug|x86.ActiveCfg = Debug|Win32
		{D7FE69B5-6430-4EB2-9034-5880CF60214C}.Debug|x86.Build.0 = Debug|Win32
		{D7FE69B5-6430-4EB2-9034-5880CF60214C}.Release|Any CPU.ActiveCfg = Release|x64
		{D7FE69B5-6430-4EB2-9034-5880CF60214C}.Release|Any CPU.Build.0 = Release|x64
		{D7FE69B5-6430-4EB2-9034-5880CF60214C}.Release|x64.ActiveCfg = Release|x64
		{D7FE69B5-6430-4EB2-9034-5880CF60214C}.Release|x64.Build.0 = Release|x64
		{D7FE69B5-6430-4EB2-9034-5880CF60214C}.Release|x86.ActiveCfg = Release|Win32
		{D7FE69B5-6430-4EB2-9034-5880CF60214C}.Release|x86.Build.0 = Release|Win32
		{011E9CC0-239A-4EC0-BB56-6EAC757704DF}.Debug|Any CPU.ActiveCfg = Debug|Any CPU
		{011E9CC0-239A-4EC0-BB56-6EAC757704DF}.Debug|Any CPU.Build.0 = Debug|Any CPU
		{011E9CC0-239A-4EC0-BB56-6EAC757704DF}.Debug|x64.ActiveCfg = Debug|Any CPU
		{011E9CC0-239A-4EC0-BB56-6EAC757704DF}.Debug|x64.Build.0 = Debug|Any CPU
		{011E9CC0-239A-4EC0-BB56-6EAC757704DF}.Debug|x86.ActiveCfg = Debug|Any CPU
		{011E9CC0-239A-4EC0-BB56-6EAC757704DF}.Debug|x86.Build.0 = Debug|Any CPU
		{011E9CC0-239A-4EC0-BB56-6EAC757704DF}.Release|Any CPU.ActiveCfg = Release|Any CPU
		{011E9CC0-239A-4EC0-BB56-6EAC757704DF}.Release|Any CPU.Build.0 = Release|Any CPU
		{011E9CC0-239A-4EC0-BB56-6EAC757704DF}.Release|x64.ActiveCfg = Release|Any CPU
		{011E9CC0-239A-4EC0-BB56-6EAC757704DF}.Release|x64.Build.0 = Release|Any CPU
		{011E9CC0-239A-4EC0-BB56-6EAC757704DF}.Release|x86.ActiveCfg = Release|Any CPU
		{011E9CC0-239A-4EC0-BB56-6EAC757704DF}.Release|x86.Build.0 = Release|Any CPU
	EndGlobalSection
	GlobalSection(SolutionProperties) = preSolution
		HideSolutionNode = FALSE
	EndGlobalSection
	GlobalSection(ExtensibilityGlobals) = postSolution
		SolutionGuid = {57D8C1BD-E38D-4386-926D-49DAB82CE0EC}
	EndGlobalSection
EndGlobal
